{
  "name": "Final Project",
  "lockfileVersion": 3,
  "requires": true,
  "packages": {
    "": {
      "dependencies": {
        "pressure": "^2.2.0"
      }
    },
    "node_modules/pressure": {
      "version": "2.2.0",
      "resolved": "https://registry.npmjs.org/pressure/-/pressure-2.2.0.tgz",
      "integrity": "sha512-FZAIZTfsz3hIApUQGRKN9fcQYcjsuCB/EWKj5rWr+7hhdkT+3EK8vYsGcdzFebZE7FQTHaIz8Z9k7xTYEs3Qng==",
      "license": "MIT"
    }
  }
}
